<?xml version="1.0" encoding="utf-8"?>
<Project ToolsVersion="4.0" xmlns="http://schemas.microsoft.com/developer/msbuild/2003">
  <ItemGroup>
    <Filter Include="Common">
      <UniqueIdentifier>cdea87a6-d56c-4a8d-8cd9-25e845b7f1ae</UniqueIdentifier>
    </Filter>
    <Filter Include="Assets">
      <UniqueIdentifier>5e8ee369-ae01-4358-a834-1e049712e963</UniqueIdentifier>
      <Extensions>bmp;fbx;gif;jpg;jpeg;tga;tiff;tif;png</Extensions>
    </Filter>
    <Filter Include="Content">
      <UniqueIdentifier>4c62ec35-6f42-4acb-88d4-952aa38bd65c</UniqueIdentifier>
    </Filter>
    <ClInclude Include="Common\DirectXHelper.h">
      <Filter>Common</Filter>
    </ClInclude>
    <ClInclude Include="Common\StepTimer.h">
      <Filter>Common</Filter>
    </ClInclude>
    <ClInclude Include="Common\DeviceResources.h">
      <Filter>Common</Filter>
    </ClInclude>
    <ClCompile Include="Common\DeviceResources.cpp">
      <Filter>Common</Filter>
    </ClCompile>
    <ClInclude Include="Content\SampleFpsTextRenderer.h">
      <Filter>Content</Filter>
    </ClInclude>
    <ClInclude Include="Content\ShaderStructures.h">
      <Filter>Content</Filter>
    </ClInclude>
    <ClCompile Include="Content\SampleFpsTextRenderer.cpp">
      <Filter>Content</Filter>
    </ClCompile>
    <FxCompile Include="Content\SamplePixelShader.hlsl">
      <Filter>Content</Filter>
    </FxCompile>
    <FxCompile Include="Content\SampleVertexShader.hlsl">
      <Filter>Content</Filter>
    </FxCompile>
    <Image Include="Assets\LockScreenLogo.scale-200.png">
      <Filter>Assets</Filter>
    </Image>
    <Image Include="Assets\SplashScreen.scale-200.png">
      <Filter>Assets</Filter>
    </Image>
    <Image Include="Assets\Square150x150Logo.scale-200.png">
      <Filter>Assets</Filter>
    </Image>
    <Image Include="Assets\Square44x44Logo.scale-200.png">
      <Filter>Assets</Filter>
    </Image>
    <Image Include="Assets\Square44x44Logo.targetsize-24_altform-unplated.png">
      <Filter>Assets</Filter>
    </Image>
    <Image Include="Assets\Wide310x150Logo.scale-200.png">
      <Filter>Assets</Filter>
    </Image>
    <Filter Include="Sprites">
      <UniqueIdentifier>{589b1e2c-c086-42b3-9c26-a72e2f10746e}</UniqueIdentifier>
    </Filter>
    <Filter Include="Model">
      <UniqueIdentifier>{ac0ff977-22e9-4ba0-8e1c-8f6c19a54fce}</UniqueIdentifier>
    </Filter>
    <Filter Include="Controller">
      <UniqueIdentifier>{511fb2fb-1b46-4cb0-a6b0-3d72ea1db395}</UniqueIdentifier>
    </Filter>
    <Filter Include="Render">
      <UniqueIdentifier>{55aa0f64-9643-4ced-ba31-15afbd01a1bd}</UniqueIdentifier>
    </Filter>
    <Filter Include="InfoPanel">
      <UniqueIdentifier>{78acb2bb-dc4a-4e3a-abab-6f0070f65eff}</UniqueIdentifier>
    </Filter>
    <Filter Include="Collision">
      <UniqueIdentifier>{ae2c146f-eee5-41a0-86d3-c75258135805}</UniqueIdentifier>
    </Filter>
    <Filter Include="Factory">
      <UniqueIdentifier>{cc7d2622-227d-40c0-9ad3-6820e0aa9d9a}</UniqueIdentifier>
    </Filter>
  </ItemGroup>
  <ItemGroup>
    <ApplicationDefinition Include="App.xaml" />
  </ItemGroup>
  <ItemGroup>
    <ClCompile Include="App.xaml.cpp" />
    <ClCompile Include="adventures_of_orchiMain.cpp" />
    <ClCompile Include="DirectXPage.xaml.cpp" />
    <ClCompile Include="pch.cpp" />
    <ClCompile Include="Content\GameRenderer.cpp">
      <Filter>Content</Filter>
    </ClCompile>
    <ClCompile Include="Sprites\BasicSprites.cpp">
      <Filter>Sprites</Filter>
    </ClCompile>
    <ClCompile Include="Sprites\BasicLoader.cpp">
      <Filter>Sprites</Filter>
    </ClCompile>
    <ClCompile Include="BasicReaderWriter.cpp" />
    <ClCompile Include="DDSTextureLoader.cpp" />
    <ClCompile Include="Grid.cpp" />
    <ClCompile Include="LeftMargin.cpp" />
    <ClCompile Include="RightMargin.cpp" />
    <ClCompile Include="Model\Player.cpp">
      <Filter>Model</Filter>
    </ClCompile>
    <ClCompile Include="Model\Space.cpp">
      <Filter>Model</Filter>
    </ClCompile>
    <ClCompile Include="Sprites\SpriteUtils.cpp">
      <Filter>Sprites</Filter>
    </ClCompile>
    <ClCompile Include="Model\Stack.cpp">
      <Filter>Model</Filter>
    </ClCompile>
    <ClCompile Include="Model\Edge.cpp">
      <Filter>Model</Filter>
    </ClCompile>
    <ClCompile Include="Model\Stairs.cpp">
      <Filter>Model</Filter>
    </ClCompile>
    <ClCompile Include="Model\Texture.cpp">
      <Filter>Model</Filter>
    </ClCompile>
    <ClCompile Include="Model\Movable.cpp">
      <Filter>Model</Filter>
    </ClCompile>
    <ClCompile Include="Utils.cpp" />
    <ClCompile Include="Controller\XBoxOneControllerView.cpp">
      <Filter>Controller</Filter>
    </ClCompile>
    <ClCompile Include="Content\Landscape.cpp">
      <Filter>Content</Filter>
    </ClCompile>
    <ClCompile Include="Content\Portrait.cpp">
      <Filter>Content</Filter>
    </ClCompile>
    <ClCompile Include="InfoPanel\ButtonsPanel.cpp">
      <Filter>InfoPanel</Filter>
    </ClCompile>
    <ClCompile Include="InfoPanel\InventoryPanel.cpp">
      <Filter>InfoPanel</Filter>
    </ClCompile>
    <ClCompile Include="InfoPanel\LifePanel.cpp">
      <Filter>InfoPanel</Filter>
    </ClCompile>
    <ClCompile Include="InfoPanel\MapPanel.cpp">
      <Filter>InfoPanel</Filter>
    </ClCompile>
    <ClCompile Include="InfoPanel\PackPanel.cpp">
      <Filter>InfoPanel</Filter>
    </ClCompile>
    <ClCompile Include="InfoPanel\InfoPanel.cpp">
      <Filter>InfoPanel</Filter>
    </ClCompile>
    <ClCompile Include="Model\World.cpp">
      <Filter>Model</Filter>
    </ClCompile>
    <ClCompile Include="Collision\BroadCollisionStrategy.cpp">
      <Filter>Collision</Filter>
    </ClCompile>
    <ClCompile Include="Collision\NarrowCollisionStrategy.cpp">
      <Filter>Collision</Filter>
    </ClCompile>
    <ClCompile Include="Collision\PortalCollisionStrategy.cpp">
      <Filter>Collision</Filter>
    </ClCompile>
    <ClCompile Include="Model\Region.cpp">
      <Filter>Model</Filter>
    </ClCompile>
    <ClCompile Include="Factory\WorldFactory.cpp">
      <Filter>Factory</Filter>
    </ClCompile>
    <ClCompile Include="Model\Cave.cpp">
      <Filter>Model</Filter>
    </ClCompile>
    <ClCompile Include="Model\Lot.cpp">
      <Filter>Model</Filter>
    </ClCompile>
  </ItemGroup>
  <ItemGroup>
    <ClInclude Include="App.xaml.h" />
    <ClInclude Include="adventures_of_orchiMain.h" />
    <ClInclude Include="DirectXPage.xaml.h" />
    <ClInclude Include="pch.h" />
    <ClInclude Include="Content\GameRenderer.h">
      <Filter>Content</Filter>
    </ClInclude>
    <ClInclude Include="Sprites\BasicSprites.h">
      <Filter>Sprites</Filter>
    </ClInclude>
    <ClInclude Include="Sprites\SimpleSprites.h">
      <Filter>Sprites</Filter>
    </ClInclude>
    <ClInclude Include="Sprites\BasicLoader.h">
      <Filter>Sprites</Filter>
    </ClInclude>
    <ClInclude Include="BasicMath.h" />
    <ClInclude Include="BasicReaderWriter.h" />
    <ClInclude Include="BasicShapes.h" />
    <ClInclude Include="DDSTextureLoader.h" />
    <ClInclude Include="DirectXSample.h" />
    <ClInclude Include="Grid.h" />
    <ClInclude Include="GridSpace.h" />
    <ClInclude Include="Constants.h" />
    <ClInclude Include="LeftMargin.h" />
    <ClInclude Include="RightMargin.h" />
    <ClInclude Include="Model\Space.h">
      <Filter>Model</Filter>
    </ClInclude>
    <ClInclude Include="Model\Portal.h">
      <Filter>Model</Filter>
    </ClInclude>
    <ClInclude Include="Model\Movable.h">
      <Filter>Model</Filter>
    </ClInclude>
    <ClInclude Include="Model\Tool.h">
      <Filter>Model</Filter>
    </ClInclude>
    <ClInclude Include="Model\Character.h">
      <Filter>Model</Filter>
    </ClInclude>
    <ClInclude Include="Model\Thing.h">
      <Filter>Model</Filter>
    </ClInclude>
    <ClInclude Include="Model\Player.h">
      <Filter>Model</Filter>
    </ClInclude>
    <ClInclude Include="Model\Sword.h">
      <Filter>Model</Filter>
    </ClInclude>
    <ClInclude Include="Model\Tree.h">
      <Filter>Model</Filter>
    </ClInclude>
    <ClInclude Include="Model\Sand.h">
      <Filter>Model</Filter>
    </ClInclude>
    <ClInclude Include="Model\Grass.h">
      <Filter>Model</Filter>
    </ClInclude>
    <ClInclude Include="Model\Water.h">
      <Filter>Model</Filter>
    </ClInclude>
    <ClInclude Include="Model\Stack.h">
      <Filter>Model</Filter>
    </ClInclude>
    <ClInclude Include="Model\GridSpaceLocationStrategy.h">
      <Filter>Model</Filter>
    </ClInclude>
    <ClInclude Include="Model\AbsoluteLocationStrategy.h">
      <Filter>Model</Filter>
    </ClInclude>
    <ClInclude Include="Model\Immovable.h">
      <Filter>Model</Filter>
    </ClInclude>
    <ClInclude Include="Utils.h" />
    <ClInclude Include="Render\Renderer.h">
      <Filter>Render</Filter>
    </ClInclude>
    <ClInclude Include="Render\SpriteRenderer.h">
      <Filter>Render</Filter>
    </ClInclude>
    <ClInclude Include="Sprites\Sprite.h">
      <Filter>Sprites</Filter>
    </ClInclude>
    <ClInclude Include="IDeviceNotify.h">
      <Filter>Common</Filter>
    </ClInclude>
    <ClInclude Include="Model\Diagnostic.h">
      <Filter>Model</Filter>
    </ClInclude>
    <ClInclude Include="Sprites\SpriteUtils.h">
      <Filter>Sprites</Filter>
    </ClInclude>
    <ClInclude Include="Model\Layer.h">
      <Filter>Model</Filter>
    </ClInclude>
    <ClInclude Include="Model\StoneWall.h">
      <Filter>Model</Filter>
    </ClInclude>
    <ClInclude Include="Model\Rock.h">
      <Filter>Model</Filter>
    </ClInclude>
    <ClInclude Include="Model\Stairs.h">
      <Filter>Model</Filter>
    </ClInclude>
    <ClInclude Include="Model\Edge.h">
      <Filter>Model</Filter>
    </ClInclude>
    <ClInclude Include="Globals.h" />
    <ClInclude Include="Model\Texture.h">
      <Filter>Model</Filter>
    </ClInclude>
    <ClInclude Include="Model\VectorGraphic.h">
      <Filter>Model</Filter>
    </ClInclude>
    <ClInclude Include="Model\Action.h">
      <Filter>Model</Filter>
    </ClInclude>
    <ClInclude Include="Model\Area.h">
      <Filter>Model</Filter>
    </ClInclude>
    <ClInclude Include="Controller\TouchScreenControllerView.h">
      <Filter>Controller</Filter>
    </ClInclude>
    <ClInclude Include="Controller\KeyboardControllerView.h">
      <Filter>Controller</Filter>
    </ClInclude>
    <ClInclude Include="Model\Renderable.h">
      <Filter>Model</Filter>
    </ClInclude>
    <ClInclude Include="Model\Renderable2D.h">
      <Filter>Model</Filter>
    </ClInclude>
    <ClInclude Include="Model\Renderable3D.h">
      <Filter>Model</Filter>
    </ClInclude>
    <ClInclude Include="Model\Figure.h">
      <Filter>Model</Filter>
    </ClInclude>
    <ClInclude Include="Controller\XBoxOneControllerView.h">
      <Filter>Controller</Filter>
    </ClInclude>
    <ClInclude Include="Model\Region.h">
      <Filter>Model</Filter>
    </ClInclude>
    <ClInclude Include="Model\Dungeon.h">
      <Filter>Model</Filter>
    </ClInclude>
    <ClInclude Include="Model\Cave.h">
      <Filter>Model</Filter>
    </ClInclude>
    <ClInclude Include="Model\Underground.h">
      <Filter>Model</Filter>
    </ClInclude>
    <ClInclude Include="Model\Onground.h">
      <Filter>Model</Filter>
    </ClInclude>
    <ClInclude Include="Content\Landscape.h">
      <Filter>Content</Filter>
    </ClInclude>
    <ClInclude Include="Content\Portrait.h">
      <Filter>Content</Filter>
    </ClInclude>
    <ClInclude Include="Content\ScreenOrientation.h">
      <Filter>Content</Filter>
    </ClInclude>
    <ClInclude Include="Content\OrientationRenderer.h">
      <Filter>Content</Filter>
    </ClInclude>
    <ClInclude Include="InfoPanel\ButtonsPanel.h">
      <Filter>InfoPanel</Filter>
    </ClInclude>
    <ClInclude Include="InfoPanel\InfoPanel.h">
      <Filter>InfoPanel</Filter>
    </ClInclude>
    <ClInclude Include="InfoPanel\InventoryPanel.h">
      <Filter>InfoPanel</Filter>
    </ClInclude>
    <ClInclude Include="InfoPanel\LifePanel.h">
      <Filter>InfoPanel</Filter>
    </ClInclude>
    <ClInclude Include="InfoPanel\MapPanel.h">
      <Filter>InfoPanel</Filter>
    </ClInclude>
    <ClInclude Include="InfoPanel\PackPanel.h">
      <Filter>InfoPanel</Filter>
    </ClInclude>
    <ClInclude Include="Model\World.h">
      <Filter>Model</Filter>
    </ClInclude>
    <ClInclude Include="Collision\BroadCollisionStrategy.h">
      <Filter>Collision</Filter>
    </ClInclude>
    <ClInclude Include="Collision\NarrowCollisionStrategy.h">
      <Filter>Collision</Filter>
    </ClInclude>
    <ClInclude Include="Collision\PortalCollisionStrategy.h">
      <Filter>Collision</Filter>
    </ClInclude>
    <ClInclude Include="Model\Land.h">
      <Filter>Model</Filter>
    </ClInclude>
    <ClInclude Include="Model\Lot.h">
      <Filter>Model</Filter>
    </ClInclude>
    <ClInclude Include="Model\Subdivision.h">
      <Filter>Model</Filter>
    </ClInclude>
    <ClInclude Include="Factory\WorldFactory.h">
      <Filter>Factory</Filter>
    </ClInclude>
    <ClInclude Include="Factory\BuildCommand.h">
      <Filter>Factory</Filter>
    </ClInclude>
    <ClInclude Include="Factory\AddEdgeCommand.h">
      <Filter>Factory</Filter>
    </ClInclude>
    <ClInclude Include="Factory\AddGrassCommand.h">
      <Filter>Factory</Filter>
    </ClInclude>
    <ClInclude Include="Factory\AddForestCommand.h">
      <Filter>Factory</Filter>
    </ClInclude>
    <ClInclude Include="Factory\AddStairsCommand.h">
      <Filter>Factory</Filter>
    </ClInclude>
    <ClInclude Include="Factory\AddRockCommand.h">
      <Filter>Factory</Filter>
    </ClInclude>
    <ClInclude Include="Factory\AddStoneWallCommand.h">
      <Filter>Factory</Filter>
    </ClInclude>
    <ClInclude Include="Factory\AddTreeCommand.h">
      <Filter>Factory</Filter>
    </ClInclude>
    <ClInclude Include="Factory\AddWaterCommand.h">
      <Filter>Factory</Filter>
    </ClInclude>
    <ClInclude Include="Factory\DeclareCaveCommand.h">
      <Filter>Factory</Filter>
    </ClInclude>
    <ClInclude Include="Factory\DeclareDungeonCommand.h">
      <Filter>Factory</Filter>
    </ClInclude>
    <ClInclude Include="Factory\DeclareLandCommand.h">
      <Filter>Factory</Filter>
    </ClInclude>
    <ClInclude Include="Factory\DeclareLotCommand.h">
      <Filter>Factory</Filter>
    </ClInclude>
    <ClInclude Include="Factory\DeclareWorldCommand.h">
      <Filter>Factory</Filter>
    </ClInclude>
  </ItemGroup>
  <ItemGroup>
    <Image Include="Assets\StoreLogo.png">
      <Filter>Assets</Filter>
    </Image>
    <Image Include="grass.dds" />
    <Image Include="heart.dds" />
    <Image Include="link.dds" />
    <Image Include="rock.dds" />
    <Image Include="stonewall.dds" />
    <Image Include="test.dds" />
    <Image Include="tree.dds" />
    <Image Include="water.dds" />
    <Image Include="Assets\splash.scale-200.png">
      <Filter>Assets</Filter>
    </Image>
    <Image Include="Assets\splash.scale-100.png">
      <Filter>Assets</Filter>
    </Image>
    <Image Include="stairs.dds" />
    <Image Include="sword.dds" />
  </ItemGroup>
  <ItemGroup>
    <AppxManifest Include="Package.appxmanifest" />
  </ItemGroup>
  <ItemGroup>
    <None Include="adventures-of-orchi_TemporaryKey.pfx" />
    <None Include="Assets\splash-sdk.xcf">
      <Filter>Assets</Filter>
    </None>
  </ItemGroup>
  <ItemGroup>
    <Page Include="DirectXPage.xaml" />
  </ItemGroup>
  <ItemGroup>
    <FxCompile Include="BasicSprites.GeometryShader.gs.hlsl" />
    <FxCompile Include="BasicSprites.GeometryShader.vs.hlsl" />
    <FxCompile Include="BasicSprites.Instancing.vs.hlsl" />
    <FxCompile Include="BasicSprites.ps.hlsl" />
    <FxCompile Include="BasicSprites.Replication.vs.hlsl" />
  </ItemGroup>
</Project>